// !$*UTF8*$!
{
	archiveVersion = 1;
	classes = {
	};
	objectVersion = 50;
	objects = {

/* Begin PBXBuildFile section */
		D51705C525AF254200AA0FFA /* AppDelegate.swift in Sources */ = {isa = PBXBuildFile; fileRef = D51705C425AF254200AA0FFA /* AppDelegate.swift */; };
		D51705C725AF254200AA0FFA /* SceneDelegate.swift in Sources */ = {isa = PBXBuildFile; fileRef = D51705C625AF254200AA0FFA /* SceneDelegate.swift */; };
		D51705C925AF254200AA0FFA /* ViewController.swift in Sources */ = {isa = PBXBuildFile; fileRef = D51705C825AF254200AA0FFA /* ViewController.swift */; };
		D51705CC25AF254200AA0FFA /* Main.storyboard in Resources */ = {isa = PBXBuildFile; fileRef = D51705CA25AF254200AA0FFA /* Main.storyboard */; };
		D51705CE25AF254500AA0FFA /* Assets.xcassets in Resources */ = {isa = PBXBuildFile; fileRef = D51705CD25AF254500AA0FFA /* Assets.xcassets */; };
		D51705D125AF254500AA0FFA /* LaunchScreen.storyboard in Resources */ = {isa = PBXBuildFile; fileRef = D51705CF25AF254500AA0FFA /* LaunchScreen.storyboard */; };
		D51705DA25AF264000AA0FFA /* Flow.swift in Sources */ = {isa = PBXBuildFile; fileRef = D51705D925AF264000AA0FFA /* Flow.swift */; };
		D51705DD25AF268300AA0FFA /* data.swift in Sources */ = {isa = PBXBuildFile; fileRef = D51705DC25AF268300AA0FFA /* data.swift */; };
/* End PBXBuildFile section */

/* Begin PBXFileReference section */
		D51705C125AF254200AA0FFA /* JSONCheck.app */ = {isa = PBXFileReference; explicitFileType = wrapper.application; includeInIndex = 0; path = JSONCheck.app; sourceTree = BUILT_PRODUCTS_DIR; };
		D51705C425AF254200AA0FFA /* AppDelegate.swift */ = {isa = PBXFileReference; lastKnownFileType = sourcecode.swift; path = AppDelegate.swift; sourceTree = "<group>"; };
		D51705C625AF254200AA0FFA /* SceneDelegate.swift */ = {isa = PBXFileReference; lastKnownFileType = sourcecode.swift; path = SceneDelegate.swift; sourceTree = "<group>"; };
		D51705C825AF254200AA0FFA /* ViewController.swift */ = {isa = PBXFileReference; lastKnownFileType = sourcecode.swift; path = ViewController.swift; sourceTree = "<group>"; };
		D51705CB25AF254200AA0FFA /* Base */ = {isa = PBXFileReference; lastKnownFileType = file.storyboard; name = Base; path = Base.lproj/Main.storyboard; sourceTree = "<group>"; };
		D51705CD25AF254500AA0FFA /* Assets.xcassets */ = {isa = PBXFileReference; lastKnownFileType = folder.assetcatalog; path = Assets.xcassets; sourceTree = "<group>"; };
		D51705D025AF254500AA0FFA /* Base */ = {isa = PBXFileReference; lastKnownFileType = file.storyboard; name = Base; path = Base.lproj/LaunchScreen.storyboard; sourceTree = "<group>"; };
		D51705D225AF254500AA0FFA /* Info.plist */ = {isa = PBXFileReference; lastKnownFileType = text.plist.xml; path = Info.plist; sourceTree = "<group>"; };
		D51705D925AF264000AA0FFA /* Flow.swift */ = {isa = PBXFileReference; lastKnownFileType = sourcecode.swift; path = Flow.swift; sourceTree = "<group>"; };
		D51705DC25AF268300AA0FFA /* data.swift */ = {isa = PBXFileReference; lastKnownFileType = sourcecode.swift; path = data.swift; sourceTree = "<group>"; };
/* End PBXFileReference section */

/* Begin PBXFrameworksBuildPhase section */
		D51705BE25AF254200AA0FFA /* Frameworks */ = {
			isa = PBXFrameworksBuildPhase;
			buildActionMask = 2147483647;
			files = (
			);
			runOnlyForDeploymentPostprocessing = 0;
		};
/* End PBXFrameworksBuildPhase section */

/* Begin PBXGroup section */
		D51705B825AF254200AA0FFA = {
			isa = PBXGroup;
			children = (
				D51705C325AF254200AA0FFA /* JSONCheck */,
				D51705C225AF254200AA0FFA /* Products */,
			);
			sourceTree = "<group>";
		};
		D51705C225AF254200AA0FFA /* Products */ = {
			isa = PBXGroup;
			children = (
				D51705C125AF254200AA0FFA /* JSONCheck.app */,
			);
			name = Products;
			sourceTree = "<group>";
		};
		D51705C325AF254200AA0FFA /* JSONCheck */ = {
			isa = PBXGroup;
			children = (
				D51705C425AF254200AA0FFA /* AppDelegate.swift */,
				D51705C625AF254200AA0FFA /* SceneDelegate.swift */,
				D51705C825AF254200AA0FFA /* ViewController.swift */,
				D51705CA25AF254200AA0FFA /* Main.storyboard */,
				D51705CD25AF254500AA0FFA /* Assets.xcassets */,
				D51705CF25AF254500AA0FFA /* LaunchScreen.storyboard */,
				D51705D225AF254500AA0FFA /* Info.plist */,
				D51705D925AF264000AA0FFA /* Flow.swift */,
				D51705DC25AF268300AA0FFA /* data.swift */,
			);
			path = JSONCheck;
			sourceTree = "<group>";
		};
/* End PBXGroup section */

/* Begin PBXNativeTarget section */
		D51705C025AF254200AA0FFA /* JSONCheck */ = {
			isa = PBXNativeTarget;
			buildConfigurationList = D51705D525AF254500AA0FFA /* Build configuration list for PBXNativeTarget "JSONCheck" */;
			buildPhases = (
				D51705BD25AF254200AA0FFA /* Sources */,
				D51705BE25AF254200AA0FFA /* Frameworks */,
				D51705BF25AF254200AA0FFA /* Resources */,
			);
			buildRules = (
			);
			dependencies = (
			);
			name = JSONCheck;
			productName = JSONCheck;
			productReference = D51705C125AF254200AA0FFA /* JSONCheck.app */;
			productType = "com.apple.product-type.application";
		};
/* End PBXNativeTarget section */

/* Begin PBXProject section */
		D51705B925AF254200AA0FFA /* Project object */ = {
			isa = PBXProject;
			attributes = {
				LastSwiftUpdateCheck = 1230;
				LastUpgradeCheck = 1230;
				TargetAttributes = {
					D51705C025AF254200AA0FFA = {
						CreatedOnToolsVersion = 12.3;
					};
				};
			};
			buildConfigurationList = D51705BC25AF254200AA0FFA /* Build configuration list for PBXProject "JSONCheck" */;
			compatibilityVersion = "Xcode 9.3";
			developmentRegion = en;
			hasScannedForEncodings = 0;
			knownRegions = (
				en,
				Base,
			);
			mainGroup = D51705B825AF254200AA0FFA;
			productRefGroup = D51705C225AF254200AA0FFA /* Products */;
			projectDirPath = "";
			projectRoot = "";
			targets = (
				D51705C025AF254200AA0FFA /* JSONCheck */,
			);
		};
/* End PBXProject section */

/* Begin PBXResourcesBuildPhase section */
		D51705BF25AF254200AA0FFA /* Resources */ = {
			isa = PBXResourcesBuildPhase;
			buildActionMask = 2147483647;
			files = (
				D51705D125AF254500AA0FFA /* LaunchScreen.storyboard in Resources */,
				D51705CE25AF254500AA0FFA /* Assets.xcassets in Resources */,
				D51705CC25AF254200AA0FFA /* Main.storyboard in Resources */,
			);
			runOnlyForDeploymentPostprocessing = 0;
		};
/* End PBXResourcesBuildPhase section */

/* Begin PBXSourcesBuildPhase section */
		D51705BD25AF254200AA0FFA /* Sources */ = {
			isa = PBXSourcesBuildPhase;
			buildActionMask = 2147483647;
			files = (
				D51705C925AF254200AA0FFA /* ViewController.swift in Sources */,
				D51705DA25AF264000AA0FFA /* Flow.swift in Sources */,
				D51705C525AF254200AA0FFA /* AppDelegate.swift in Sources */,
				D51705DD25AF268300AA0FFA /* data.swift in Sources */,
				D51705C725AF254200AA0FFA /* SceneDelegate.swift in Sources */,
			);
			runOnlyForDeploymentPostprocessing = 0;
		};
/* End PBXSourcesBuildPhase section */

/* Begin PBXVariantGroup section */
		D51705CA25AF254200AA0FFA /* Main.storyboard */ = {
			isa = PBXVariantGroup;
			children = (
				D51705CB25AF254200AA0FFA /* Base */,
			);
			name = Main.storyboard;
			sourceTree = "<group>";
		};
		D51705CF25AF254500AA0FFA /* LaunchScreen.storyboard */ = {
			isa = PBXVariantGroup;
			children = (
				D51705D025AF254500AA0FFA /* Base */,
			);
			name = LaunchScreen.storyboard;
			sourceTree = "<group>";
		};
/* End PBXVariantGroup section */

/* Begin XCBuildConfiguration section */
		D51705D325AF254500AA0FFA /* Debug */ = {
			isa = XCBuildConfiguration;
			buildSettings = {
				ALWAYS_SEARCH_USER_PATHS = NO;
				CLANG_ANALYZER_NONNULL = YES;
				CLANG_ANALYZER_NUMBER_OBJECT_CONVERSION = YES_AGGRESSIVE;
				CLANG_CXX_LANGUAGE_STANDARD = "gnu++14";
				CLANG_CXX_LIBRARY = "libc++";
				CLANG_ENABLE_MODULES = YES;
				CLANG_ENABLE_OBJC_ARC = YES;
				CLANG_ENABLE_OBJC_WEAK = YES;
				CLANG_WARN_BLOCK_CAPTURE_AUTORELEASING = YES;
				CLANG_WARN_BOOL_CONVERSION = YES;
				CLANG_WARN_COMMA = YES;
				CLANG_WARN_CONSTANT_CONVERSION = YES;
				CLANG_WARN_DEPRECATED_OBJC_IMPLEMENTATIONS = YES;
				CLANG_WARN_DIRECT_OBJC_ISA_USAGE = YES_ERROR;
				CLANG_WARN_DOCUMENTATION_COMMENTS = YES;
				CLANG_WARN_EMPTY_BODY = YES;
				CLANG_WARN_ENUM_CONVERSION = YES;
				CLANG_WARN_INFINITE_RECURSION = YES;
				CLANG_WARN_INT_CONVERSION = YES;
				CLANG_WARN_NON_LITERAL_NULL_CONVERSION = YES;
				CLANG_WARN_OBJC_IMPLICIT_RETAIN_SELF = YES;
				CLANG_WARN_OBJC_LITERAL_CONVERSION = YES;
				CLANG_WARN_OBJC_ROOT_CLASS = YES_ERROR;
				CLANG_WARN_QUOTED_INCLUDE_IN_FRAMEWORK_HEADER = YES;
				CLANG_WARN_RANGE_LOOP_ANALYSIS = YES;
				CLANG_WARN_STRICT_PROTOTYPES = YES;
				CLANG_WARN_SUSPICIOUS_MOVE = YES;
				CLANG_WARN_UNGUARDED_AVAILABILITY = YES_AGGRESSIVE;
				CLANG_WARN_UNREACHABLE_CODE = YES;
				CLANG_WARN__DUPLICATE_METHOD_MATCH = YES;
				COPY_PHASE_STRIP = NO;
				DEBUG_INFORMATION_FORMAT = dwarf;
				ENABLE_STRICT_OBJC_MSGSEND = YES;
				ENABLE_TESTABILITY = YES;
				GCC_C_LANGUAGE_STANDARD = gnu11;
				GCC_DYNAMIC_NO_PIC = NO;
				GCC_NO_COMMON_BLOCKS = YES;
				GCC_OPTIMIZATION_LEVEL = 0;
				GCC_PREPROCESSOR_DEFINITIONS = (
					"DEBUG=1",
					"$(inherited)",
				);
				GCC_WARN_64_TO_32_BIT_CONVERSION = YES;
				GCC_WARN_ABOUT_RETURN_TYPE = YES_ERROR;
				GCC_WARN_UNDECLARED_SELECTOR = YES;
				GCC_WARN_UNINITIALIZED_AUTOS = YES_AGGRESSIVE;
				GCC_WARN_UNUSED_FUNCTION = YES;
				GCC_WARN_UNUSED_VARIABLE = YES;
				IPHONEOS_DEPLOYMENT_TARGET = 14.3;
				MTL_ENABLE_DEBUG_INFO = INCLUDE_SOURCE;
				MTL_FAST_MATH = YES;
				ONLY_ACTIVE_ARCH = YES;
				SDKROOT = iphoneos;
				SWIFT_ACTIVE_COMPILATION_CONDITIONS = DEBUG;
				SWIFT_OPTIMIZATION_LEVEL = "-Onone";
			};
			name = Debug;
		};
		D51705D425AF254500AA0FFA /* Release */ = {
			isa = XCBuildConfiguration;
			buildSettings = {
				ALWAYS_SEARCH_USER_PATHS = NO;
				CLANG_ANALYZER_NONNULL = YES;
				CLANG_ANALYZER_NUMBER_OBJECT_CONVERSION = YES_AGGRESSIVE;
				CLANG_CXX_LANGUAGE_STANDARD = "gnu++14";
				CLANG_CXX_LIBRARY = "libc++";
				CLANG_ENABLE_MODULES = YES;
				CLANG_ENABLE_OBJC_ARC = YES;
				CLANG_ENABLE_OBJC_WEAK = YES;
				CLANG_WARN_BLOCK_CAPTURE_AUTORELEASING = YES;
				CLANG_WARN_BOOL_CONVERSION = YES;
				CLANG_WARN_COMMA = YES;
				CLANG_WARN_CONSTANT_CONVERSION = YES;
				CLANG_WARN_DEPRECATED_OBJC_IMPLEMENTATIONS = YES;
				CLANG_WARN_DIRECT_OBJC_ISA_USAGE = YES_ERROR;
				CLANG_WARN_DOCUMENTATION_COMMENTS = YES;
				CLANG_WARN_EMPTY_BODY = YES;
				CLANG_WARN_ENUM_CONVERSION = YES;
				CLANG_WARN_INFINITE_RECURSION = YES;
				CLANG_WARN_INT_CONVERSION = YES;
				CLANG_WARN_NON_LITERAL_NULL_CONVERSION = YES;
				CLANG_WARN_OBJC_IMPLICIT_RETAIN_SELF = YES;
				CLANG_WARN_OBJC_LITERAL_CONVERSION = YES;
				CLANG_WARN_OBJC_ROOT_CLASS = YES_ERROR;
				CLANG_WARN_QUOTED_INCLUDE_IN_FRAMEWORK_HEADER = YES;
				CLANG_WARN_RANGE_LOOP_ANALYSIS = YES;
				CLANG_WARN_STRICT_PROTOTYPES = YES;
				CLANG_WARN_SUSPICIOUS_MOVE = YES;
				CLANG_WARN_UNGUARDED_AVAILABILITY = YES_AGGRESSIVE;
				CLANG_WARN_UNREACHABLE_CODE = YES;
				CLANG_WARN__DUPLICATE_METHOD_MATCH = YES;
				COPY_PHASE_STRIP = NO;
				DEBUG_INFORMATION_FORMAT = "dwarf-with-dsym";
				ENABLE_NS_ASSERTIONS = NO;
				ENABLE_STRICT_OBJC_MSGSEND = YES;
				GCC_C_LANGUAGE_STANDARD = gnu11;
				GCC_NO_COMMON_BLOCKS = YES;
				GCC_WARN_64_TO_32_BIT_CONVERSION = YES;
				GCC_WARN_ABOUT_RETURN_TYPE = YES_ERROR;
				GCC_WARN_UNDECLARED_SELECTOR = YES;
				GCC_WARN_UNINITIALIZED_AUTOS = YES_AGGRESSIVE;
				GCC_WARN_UNUSED_FUNCTION = YES;
				GCC_WARN_UNUSED_VARIABLE = YES;
				IPHONEOS_DEPLOYMENT_TARGET = 14.3;
				MTL_ENABLE_DEBUG_INFO = NO;
				MTL_FAST_MATH = YES;
				SDKROOT = iphoneos;
				SWIFT_COMPILATION_MODE = wholemodule;
				SWIFT_OPTIMIZATION_LEVEL = "-O";
				VALIDATE_PRODUCT = YES;
			};
			name = Release;
		};
		D51705D625AF254500AA0FFA /* Debug */ = {
			isa = XCBuildConfiguration;
			buildSettings = {
				ASSETCATALOG_COMPILER_APPICON_NAME = AppIcon;
				ASSETCATALOG_COMPILER_GLOBAL_ACCENT_COLOR_NAME = AccentColor;
				CODE_SIGN_IDENTITY = "Apple Development";
				CODE_SIGN_STYLE = Automatic;
				DEAD_CODE_STRIPPING = NO;
				DEVELOPMENT_TEAM = W8QN5AN948;
				INFOPLIST_FILE = JSONCheck/Info.plist;
				LD_RUNPATH_SEARCH_PATHS = (
					"$(inherited)",
					"@executable_path/Frameworks",
				);
				PRODUCT_BUNDLE_IDENTIFIER = test.JSONCheck;
				PRODUCT_NAME = "$(TARGET_NAME)";
				PROVISIONING_PROFILE_SPECIFIER = "";
				SWIFT_VERSION = 5.0;
				TARGETED_DEVICE_FAMILY = "1,2";
			};
			name = Debug;
		};
		D51705D725AF254500AA0FFA /* Release */ = {
			isa = XCBuildConfiguration;
			buildSettings = {
				ASSETCATALOG_COMPILER_APPICON_NAME = AppIcon;
				ASSETCATALOG_COMPILER_GLOBAL_ACCENT_COLOR_NAME = AccentColor;
				CODE_SIGN_IDENTITY = "Apple Development";
				CODE_SIGN_STYLE = Automatic;
				DEAD_CODE_STRIPPING = NO;
				DEVELOPMENT_TEAM = W8QN5AN948;
				INFOPLIST_FILE = JSONCheck/Info.plist;
				LD_RUNPATH_SEARCH_PATHS = (
					"$(inherited)",
					"@executable_path/Frameworks",
				);
				PRODUCT_BUNDLE_IDENTIFIER = test.JSONCheck;
				PRODUCT_NAME = "$(TARGET_NAME)";
				PROVISIONING_PROFILE_SPECIFIER = "";
				SWIFT_VERSION = 5.0;
				TARGETED_DEVICE_FAMILY = "1,2";
			};
			name = Release;
		};
/* End XCBuildConfiguration section */

/* Begin XCConfigurationList section */
		D51705BC25AF254200AA0FFA /* Build configuration list for PBXProject "JSONCheck" */ = {
			isa = XCConfigurationList;
			buildConfigurations = (
				D51705D325AF254500AA0FFA /* Debug */,
				D51705D425AF254500AA0FFA /* Release */,
			);
			defaultConfigurationIsVisible = 0;
			defaultConfigurationName = Release;
		};
		D51705D525AF254500AA0FFA /* Build configuration list for PBXNativeTarget "JSONCheck" */ = {
			isa = XCConfigurationList;
			buildConfigurations = (
				D51705D625AF254500AA0FFA /* Debug */,
				D51705D725AF254500AA0FFA /* Release */,
			);
			defaultConfigurationIsVisible = 0;
			defaultConfigurationName = Release;
		};
/* End XCConfigurationList section */
	};
	rootObject = D51705B925AF254200AA0FFA /* Project object */;
}
